{
  "version": 4,
  "terraform_version": "1.10.2",
  "serial": 1,
  "lineage": "41736858-0e46-752b-0286-4db2cd6acbb0",
  "outputs": {},
  "resources": [
    {
      "mode": "managed",
      "type": "spotify_playlist",
      "name": "best_of_bollywood",
      "provider": "provider[\"registry.terraform.io/conradludgate/spotify\"]",
      "instances": [
        {
          "schema_version": 0,
          "attributes": {
            "description": null,
            "id": "2I7Caq1KOJgDugeO9yU9fH",
            "name": "Bollywood",
            "public": true,
            "snapshot_id": "AAAAArSdOgNKT3PZvZA+F/fhX20sCBD2",
            "tracks": [
              "0eCajpR75pDW0r64U6hP2x"
            ]
          },
          "sensitive_attributes": [],
          "private": "bnVsbA=="
        }
      ]
    }
  ],
  "check_results": null
}
